
Microsoft Visual Studio Solution File, Format Version 12.00
# Visual Studio 15
Project("{FAE04EC0-301F-11D3-BF4B-00C04F79EFBC}") = "Assembly-CSharp", "Assembly-CSharp.csproj", "{97F92BE4-5A5A-BC63-D316-5E99EDC1BBC2}"
EndProject
Project("{FAE04EC0-301F-11D3-BF4B-00C04F79EFBC}") = "Assembly-CSharp-Editor", "Assembly-CSharp-Editor.csproj", "{6220DAC0-6A95-B825-E155-5123E2F55EE0}"
EndProject
Global
	GlobalSection(SolutionConfigurationPlatforms) = preSolution
		Debug|Any CPU = Debug|Any CPU
		Release|Any CPU = Release|Any CPU
	EndGlobalSection
	GlobalSection(ProjectConfigurationPlatforms) = postSolution
		{97F92BE4-5A5A-BC63-D316-5E99EDC1BBC2}.Debug|Any CPU.ActiveCfg = Debug|Any CPU
		{97F92BE4-5A5A-BC63-D316-5E99EDC1BBC2}.Debug|Any CPU.Build.0 = Debug|Any CPU
		{97F92BE4-5A5A-BC63-D316-5E99EDC1BBC2}.Release|Any CPU.ActiveCfg = Release|Any CPU
		{97F92BE4-5A5A-BC63-D316-5E99EDC1BBC2}.Release|Any CPU.Build.0 = Release|Any CPU
		{6220DAC0-6A95-B825-E155-5123E2F55EE0}.Debug|Any CPU.ActiveCfg = Debug|Any CPU
		{6220DAC0-6A95-B825-E155-5123E2F55EE0}.Debug|Any CPU.Build.0 = Debug|Any CPU
		{6220DAC0-6A95-B825-E155-5123E2F55EE0}.Release|Any CPU.ActiveCfg = Release|Any CPU
		{6220DAC0-6A95-B825-E155-5123E2F55EE0}.Release|Any CPU.Build.0 = Release|Any CPU
	EndGlobalSection
	GlobalSection(SolutionProperties) = preSolution
		HideSolutionNode = FALSE
	EndGlobalSection
EndGlobal
